
Microsoft Visual Studio Solution File, Format Version 12.00
# Visual Studio Version 17
VisualStudioVersion = 17.4.33213.308
MinimumVisualStudioVersion = 10.0.40219.1
Project("{FAE04EC0-301F-11D3-BF4B-00C04F79EFBC}") = "ConsoleRPG", "ConsoleRPG.csproj", "{3CDEAEC2-19F0-430B-8C5C-703131BC6FD0}"
EndProject
Global
	GlobalSection(SolutionConfigurationPlatforms) = preSolution
		Debug|Any CPU = Debug|Any CPU
		Release|Any CPU = Release|Any CPU
	EndGlobalSection
	GlobalSection(ProjectConfigurationPlatforms) = postSolution
		{3CDEAEC2-19F0-430B-8C5C-703131BC6FD0}.Debug|Any CPU.ActiveCfg = Debug|Any CPU
		{3CDEAEC2-19F0-430B-8C5C-703131BC6FD0}.Debug|Any CPU.Build.0 = Debug|Any CPU
		{3CDEAEC2-19F0-430B-8C5C-703131BC6FD0}.Release|Any CPU.ActiveCfg = Release|Any CPU
		{3CDEAEC2-19F0-430B-8C5C-703131BC6FD0}.Release|Any CPU.Build.0 = Release|Any CPU
	EndGlobalSection
	GlobalSection(SolutionProperties) = preSolution
		HideSolutionNode = FALSE
	EndGlobalSection
	GlobalSection(ExtensibilityGlobals) = postSolution
		SolutionGuid = {F3744930-2BDD-49BB-8783-FF07EE91075D}
	EndGlobalSection
EndGlobal
